
Microsoft Visual Studio Solution File, Format Version 12.00
# Visual Studio Version 17
VisualStudioVersion = 17.0.32112.339
MinimumVisualStudioVersion = 10.0.40219.1
Project("{FAE04EC0-301F-11D3-BF4B-00C04F79EFBC}") = "Exercício 2 - Switch", "Exercício 2 - Switch\Exercício 2 - Switch.csproj", "{A48828A4-3C66-4499-AECD-62549C884FF1}"
EndProject
Global
	GlobalSection(SolutionConfigurationPlatforms) = preSolution
		Debug|Any CPU = Debug|Any CPU
		Release|Any CPU = Release|Any CPU
	EndGlobalSection
	GlobalSection(ProjectConfigurationPlatforms) = postSolution
		{A48828A4-3C66-4499-AECD-62549C884FF1}.Debug|Any CPU.ActiveCfg = Debug|Any CPU
		{A48828A4-3C66-4499-AECD-62549C884FF1}.Debug|Any CPU.Build.0 = Debug|Any CPU
		{A48828A4-3C66-4499-AECD-62549C884FF1}.Release|Any CPU.ActiveCfg = Release|Any CPU
		{A48828A4-3C66-4499-AECD-62549C884FF1}.Release|Any CPU.Build.0 = Release|Any CPU
	EndGlobalSection
	GlobalSection(SolutionProperties) = preSolution
		HideSolutionNode = FALSE
	EndGlobalSection
	GlobalSection(ExtensibilityGlobals) = postSolution
		SolutionGuid = {4AC7DFD2-9916-4BC0-A526-BD0285607B44}
	EndGlobalSection
EndGlobal
